{
  "version": 4,
  "terraform_version": "1.3.7",
  "serial": 8,
  "lineage": "d35a7cd5-1784-d69a-d598-c1754bef620d",
  "outputs": {},
  "resources": [
    {
      "mode": "managed",
      "type": "azurerm_resource_group",
      "name": "rg",
      "provider": "provider[\"registry.terraform.io/hashicorp/azurerm\"]",
      "instances": [
        {
          "schema_version": 0,
          "attributes": {
            "id": "/subscriptions/2d0baaac-6373-4d60-8c15-c9da7630562e/resourceGroups/data-engineering-zoomcamp",
            "location": "southeastasia",
            "name": "data-engineering-zoomcamp",
            "tags": {},
            "timeouts": null
          },
          "sensitive_attributes": [],
          "private": "eyJlMmJmYjczMC1lY2FhLTExZTYtOGY4OC0zNDM2M2JjN2M0YzAiOnsiY3JlYXRlIjo1NDAwMDAwMDAwMDAwLCJkZWxldGUiOjU0MDAwMDAwMDAwMDAsInJlYWQiOjMwMDAwMDAwMDAwMCwidXBkYXRlIjo1NDAwMDAwMDAwMDAwfX0="
        }
      ]
    },
    {
      "mode": "managed",
      "type": "azurerm_storage_account",
      "name": "sa",
      "provider": "provider[\"registry.terraform.io/hashicorp/azurerm\"]",
      "instances": [
        {
          "schema_version": 3,
          "attributes": {
            "access_tier": "Hot",
            "account_kind": "StorageV2",
            "account_replication_type": "LRS",
            "account_tier": "Standard",
            "allow_nested_items_to_be_public": true,
            "allowed_copy_scope": "",
            "azure_files_authentication": [],
            "blob_properties": [
              {
                "change_feed_enabled": false,
                "change_feed_retention_in_days": 0,
                "container_delete_retention_policy": [],
                "cors_rule": [],
                "default_service_version": "",
                "delete_retention_policy": [],
                "last_access_time_enabled": false,
                "restore_policy": [],
                "versioning_enabled": false
              }
            ],
            "cross_tenant_replication_enabled": true,
            "custom_domain": [],
            "customer_managed_key": [],
            "default_to_oauth_authentication": false,
            "edge_zone": "",
            "enable_https_traffic_only": true,
            "id": "/subscriptions/2d0baaac-6373-4d60-8c15-c9da7630562e/resourceGroups/data-engineering-zoomcamp/providers/Microsoft.Storage/storageAccounts/zoomcampsa",
            "identity": [],
            "immutability_policy": [],
            "infrastructure_encryption_enabled": false,
            "is_hns_enabled": false,
            "large_file_share_enabled": null,
            "location": "southeastasia",
            "min_tls_version": "TLS1_2",
            "name": "zoomcampsa",
            "network_rules": [
              {
                "bypass": [
                  "AzureServices"
                ],
                "default_action": "Allow",
                "ip_rules": [],
                "private_link_access": [],
                "virtual_network_subnet_ids": []
              }
            ],
            "nfsv3_enabled": false,
            "primary_access_key": "ojQPsqlwhs65TSzuJ/ERzYJPbQL1Z8tXMF9gn73tjF5MG0gbIfxZ6YoxPkGWEkT/KK+/+mdu51Rc+AStfwxEgw==",
            "primary_blob_connection_string": "DefaultEndpointsProtocol=https;BlobEndpoint=https://zoomcampsa.blob.core.windows.net/;AccountName=zoomcampsa;AccountKey=ojQPsqlwhs65TSzuJ/ERzYJPbQL1Z8tXMF9gn73tjF5MG0gbIfxZ6YoxPkGWEkT/KK+/+mdu51Rc+AStfwxEgw==",
            "primary_blob_endpoint": "https://zoomcampsa.blob.core.windows.net/",
            "primary_blob_host": "zoomcampsa.blob.core.windows.net",
            "primary_connection_string": "DefaultEndpointsProtocol=https;AccountName=zoomcampsa;AccountKey=ojQPsqlwhs65TSzuJ/ERzYJPbQL1Z8tXMF9gn73tjF5MG0gbIfxZ6YoxPkGWEkT/KK+/+mdu51Rc+AStfwxEgw==;EndpointSuffix=core.windows.net",
            "primary_dfs_endpoint": "https://zoomcampsa.dfs.core.windows.net/",
            "primary_dfs_host": "zoomcampsa.dfs.core.windows.net",
            "primary_file_endpoint": "https://zoomcampsa.file.core.windows.net/",
            "primary_file_host": "zoomcampsa.file.core.windows.net",
            "primary_location": "southeastasia",
            "primary_queue_endpoint": "https://zoomcampsa.queue.core.windows.net/",
            "primary_queue_host": "zoomcampsa.queue.core.windows.net",
            "primary_table_endpoint": "https://zoomcampsa.table.core.windows.net/",
            "primary_table_host": "zoomcampsa.table.core.windows.net",
            "primary_web_endpoint": "https://zoomcampsa.z23.web.core.windows.net/",
            "primary_web_host": "zoomcampsa.z23.web.core.windows.net",
            "public_network_access_enabled": true,
            "queue_encryption_key_type": "Service",
            "queue_properties": [
              {
                "cors_rule": [],
                "hour_metrics": [
                  {
                    "enabled": true,
                    "include_apis": true,
                    "retention_policy_days": 7,
                    "version": "1.0"
                  }
                ],
                "logging": [
                  {
                    "delete": false,
                    "read": false,
                    "retention_policy_days": 0,
                    "version": "1.0",
                    "write": false
                  }
                ],
                "minute_metrics": [
                  {
                    "enabled": false,
                    "include_apis": false,
                    "retention_policy_days": 0,
                    "version": "1.0"
                  }
                ]
              }
            ],
            "resource_group_name": "data-engineering-zoomcamp",
            "routing": [],
            "sas_policy": [],
            "secondary_access_key": "3vrmx4nIqhWDQfnKYHz06hqAh7xQQGdKySi9x69nMFf2p5qyimVzxnt7bTZ3EejaSUGDOGPpymrU+ASteHKvaA==",
            "secondary_blob_connection_string": "",
            "secondary_blob_endpoint": null,
            "secondary_blob_host": null,
            "secondary_connection_string": "DefaultEndpointsProtocol=https;AccountName=zoomcampsa;AccountKey=3vrmx4nIqhWDQfnKYHz06hqAh7xQQGdKySi9x69nMFf2p5qyimVzxnt7bTZ3EejaSUGDOGPpymrU+ASteHKvaA==;EndpointSuffix=core.windows.net",
            "secondary_dfs_endpoint": null,
            "secondary_dfs_host": null,
            "secondary_file_endpoint": null,
            "secondary_file_host": null,
            "secondary_location": "",
            "secondary_queue_endpoint": null,
            "secondary_queue_host": null,
            "secondary_table_endpoint": null,
            "secondary_table_host": null,
            "secondary_web_endpoint": null,
            "secondary_web_host": null,
            "sftp_enabled": false,
            "share_properties": [
              {
                "cors_rule": [],
                "retention_policy": [
                  {
                    "days": 7
                  }
                ],
                "smb": []
              }
            ],
            "shared_access_key_enabled": true,
            "static_website": [],
            "table_encryption_key_type": "Service",
            "tags": {},
            "timeouts": null
          },
          "sensitive_attributes": [],
          "private": "eyJlMmJmYjczMC1lY2FhLTExZTYtOGY4OC0zNDM2M2JjN2M0YzAiOnsiY3JlYXRlIjozNjAwMDAwMDAwMDAwLCJkZWxldGUiOjM2MDAwMDAwMDAwMDAsInJlYWQiOjMwMDAwMDAwMDAwMCwidXBkYXRlIjozNjAwMDAwMDAwMDAwfSwic2NoZW1hX3ZlcnNpb24iOiIzIn0=",
          "dependencies": [
            "azurerm_resource_group.rg"
          ]
        }
      ]
    },
    {
      "mode": "managed",
      "type": "azurerm_storage_container",
      "name": "sc",
      "provider": "provider[\"registry.terraform.io/hashicorp/azurerm\"]",
      "instances": [
        {
          "schema_version": 1,
          "attributes": {
            "container_access_type": "blob",
            "has_immutability_policy": false,
            "has_legal_hold": false,
            "id": "https://zoomcampsa.blob.core.windows.net/zoomcampcontainer",
            "metadata": {},
            "name": "zoomcampcontainer",
            "resource_manager_id": "/subscriptions/2d0baaac-6373-4d60-8c15-c9da7630562e/resourceGroups/data-engineering-zoomcamp/providers/Microsoft.Storage/storageAccounts/zoomcampsa/blobServices/default/containers/zoomcampcontainer",
            "storage_account_name": "zoomcampsa",
            "timeouts": null
          },
          "sensitive_attributes": [],
          "private": "eyJlMmJmYjczMC1lY2FhLTExZTYtOGY4OC0zNDM2M2JjN2M0YzAiOnsiY3JlYXRlIjoxODAwMDAwMDAwMDAwLCJkZWxldGUiOjE4MDAwMDAwMDAwMDAsInJlYWQiOjMwMDAwMDAwMDAwMCwidXBkYXRlIjoxODAwMDAwMDAwMDAwfSwic2NoZW1hX3ZlcnNpb24iOiIxIn0=",
          "dependencies": [
            "azurerm_resource_group.rg",
            "azurerm_storage_account.sa"
          ]
        }
      ]
    }
  ],
  "check_results": null
}
